
Microsoft Visual Studio Solution File, Format Version 12.00
# Visual Studio Version 17
VisualStudioVersion = 17.5.33424.131
MinimumVisualStudioVersion = 10.0.40219.1
Project("{FAE04EC0-301F-11D3-BF4B-00C04F79EFBC}") = "sevice_IoT", "sevice_IoT\sevice_IoT.csproj", "{F349DF5F-1AFF-4D8E-879A-41110696A456}"
	ProjectSection(ProjectDependencies) = postProject
		{D005CA73-D886-4F40-8C0E-0CD7CF34D592} = {D005CA73-D886-4F40-8C0E-0CD7CF34D592}
	EndProjectSection
EndProject
Project("{FAE04EC0-301F-11D3-BF4B-00C04F79EFBC}") = "serviceLib", "serviceLib\serviceLib.csproj", "{D005CA73-D886-4F40-8C0E-0CD7CF34D592}"
EndProject
Global
	GlobalSection(SolutionConfigurationPlatforms) = preSolution
		Debug|Any CPU = Debug|Any CPU
		Release|Any CPU = Release|Any CPU
	EndGlobalSection
	GlobalSection(ProjectConfigurationPlatforms) = postSolution
		{F349DF5F-1AFF-4D8E-879A-41110696A456}.Debug|Any CPU.ActiveCfg = Debug|Any CPU
		{F349DF5F-1AFF-4D8E-879A-41110696A456}.Debug|Any CPU.Build.0 = Debug|Any CPU
		{F349DF5F-1AFF-4D8E-879A-41110696A456}.Release|Any CPU.ActiveCfg = Release|Any CPU
		{F349DF5F-1AFF-4D8E-879A-41110696A456}.Release|Any CPU.Build.0 = Release|Any CPU
		{D005CA73-D886-4F40-8C0E-0CD7CF34D592}.Debug|Any CPU.ActiveCfg = Debug|Any CPU
		{D005CA73-D886-4F40-8C0E-0CD7CF34D592}.Debug|Any CPU.Build.0 = Debug|Any CPU
		{D005CA73-D886-4F40-8C0E-0CD7CF34D592}.Release|Any CPU.ActiveCfg = Release|Any CPU
		{D005CA73-D886-4F40-8C0E-0CD7CF34D592}.Release|Any CPU.Build.0 = Release|Any CPU
	EndGlobalSection
	GlobalSection(SolutionProperties) = preSolution
		HideSolutionNode = FALSE
	EndGlobalSection
	GlobalSection(ExtensibilityGlobals) = postSolution
		SolutionGuid = {D21A6783-A982-4023-9976-3DA5FB7D18FB}
	EndGlobalSection
EndGlobal
